
Microsoft Visual Studio Solution File, Format Version 12.00
# Visual Studio Version 17
VisualStudioVersion = 17.11.35327.3
MinimumVisualStudioVersion = 10.0.40219.1
Project("{FAE04EC0-301F-11D3-BF4B-00C04F79EFBC}") = "HMS", "HMS.csproj", "{01573BEF-C6BA-4344-9DAB-CD484C8CFC52}"
EndProject
Project("{FAE04EC0-301F-11D3-BF4B-00C04F79EFBC}") = "HMS_Business", "..\HMS_Business\HMS_Business.csproj", "{A2901E7A-DE7A-4CB6-98ED-F11E0E46B2A4}"
EndProject
Project("{FAE04EC0-301F-11D3-BF4B-00C04F79EFBC}") = "HMS_DataAccess", "..\HMS_DataAccess\HMS_DataAccess.csproj", "{8A91DDA4-B4D0-49C7-94F2-5DE4D6F63EC1}"
EndProject
Global
	GlobalSection(SolutionConfigurationPlatforms) = preSolution
		Debug|Any CPU = Debug|Any CPU
		Release|Any CPU = Release|Any CPU
	EndGlobalSection
	GlobalSection(ProjectConfigurationPlatforms) = postSolution
		{01573BEF-C6BA-4344-9DAB-CD484C8CFC52}.Debug|Any CPU.ActiveCfg = Debug|Any CPU
		{01573BEF-C6BA-4344-9DAB-CD484C8CFC52}.Debug|Any CPU.Build.0 = Debug|Any CPU
		{01573BEF-C6BA-4344-9DAB-CD484C8CFC52}.Release|Any CPU.ActiveCfg = Release|Any CPU
		{01573BEF-C6BA-4344-9DAB-CD484C8CFC52}.Release|Any CPU.Build.0 = Release|Any CPU
		{A2901E7A-DE7A-4CB6-98ED-F11E0E46B2A4}.Debug|Any CPU.ActiveCfg = Debug|Any CPU
		{A2901E7A-DE7A-4CB6-98ED-F11E0E46B2A4}.Debug|Any CPU.Build.0 = Debug|Any CPU
		{A2901E7A-DE7A-4CB6-98ED-F11E0E46B2A4}.Release|Any CPU.ActiveCfg = Release|Any CPU
		{A2901E7A-DE7A-4CB6-98ED-F11E0E46B2A4}.Release|Any CPU.Build.0 = Release|Any CPU
		{8A91DDA4-B4D0-49C7-94F2-5DE4D6F63EC1}.Debug|Any CPU.ActiveCfg = Debug|Any CPU
		{8A91DDA4-B4D0-49C7-94F2-5DE4D6F63EC1}.Debug|Any CPU.Build.0 = Debug|Any CPU
		{8A91DDA4-B4D0-49C7-94F2-5DE4D6F63EC1}.Release|Any CPU.ActiveCfg = Release|Any CPU
		{8A91DDA4-B4D0-49C7-94F2-5DE4D6F63EC1}.Release|Any CPU.Build.0 = Release|Any CPU
	EndGlobalSection
	GlobalSection(SolutionProperties) = preSolution
		HideSolutionNode = FALSE
	EndGlobalSection
	GlobalSection(ExtensibilityGlobals) = postSolution
		SolutionGuid = {BA78BE91-5F8E-4460-9838-B95277F1FE3A}
	EndGlobalSection
EndGlobal
